// !$*UTF8*$!
{
	archiveVersion = 1;
	classes = {
	};
	objectVersion = 50;
	objects = {

/* Begin PBXBuildFile section */
		B1345181238AC8310071DDBE /* AppDelegate.swift in Sources */ = {isa = PBXBuildFile; fileRef = B1345180238AC8310071DDBE /* AppDelegate.swift */; };
		B1345183238AC8310071DDBE /* SceneDelegate.swift in Sources */ = {isa = PBXBuildFile; fileRef = B1345182238AC8310071DDBE /* SceneDelegate.swift */; };
		B1345185238AC8310071DDBE /* ViewController.swift in Sources */ = {isa = PBXBuildFile; fileRef = B1345184238AC8310071DDBE /* ViewController.swift */; };
		B1345188238AC8310071DDBE /* Main.storyboard in Resources */ = {isa = PBXBuildFile; fileRef = B1345186238AC8310071DDBE /* Main.storyboard */; };
		B134518A238AC8330071DDBE /* Assets.xcassets in Resources */ = {isa = PBXBuildFile; fileRef = B1345189238AC8330071DDBE /* Assets.xcassets */; };
		B134518D238AC8330071DDBE /* LaunchScreen.storyboard in Resources */ = {isa = PBXBuildFile; fileRef = B134518B238AC8330071DDBE /* LaunchScreen.storyboard */; };
		B1345198238AC8330071DDBE /* ConcentrationTests.swift in Sources */ = {isa = PBXBuildFile; fileRef = B1345197238AC8330071DDBE /* ConcentrationTests.swift */; };
		B13451A3238AC8330071DDBE /* ConcentrationUITests.swift in Sources */ = {isa = PBXBuildFile; fileRef = B13451A2238AC8330071DDBE /* ConcentrationUITests.swift */; };
		B153368A238C2B24000D9E59 /* Concentration.swift in Sources */ = {isa = PBXBuildFile; fileRef = B1533689238C2B24000D9E59 /* Concentration.swift */; };
		B153368C238C2BD3000D9E59 /* Card.swift in Sources */ = {isa = PBXBuildFile; fileRef = B153368B238C2BD3000D9E59 /* Card.swift */; };
/* End PBXBuildFile section */

/* Begin PBXContainerItemProxy section */
		B1345194238AC8330071DDBE /* PBXContainerItemProxy */ = {
			isa = PBXContainerItemProxy;
			containerPortal = B1345175238AC8310071DDBE /* Project object */;
			proxyType = 1;
			remoteGlobalIDString = B134517C238AC8310071DDBE;
			remoteInfo = Concentration;
		};
		B134519F238AC8330071DDBE /* PBXContainerItemProxy */ = {
			isa = PBXContainerItemProxy;
			containerPortal = B1345175238AC8310071DDBE /* Project object */;
			proxyType = 1;
			remoteGlobalIDString = B134517C238AC8310071DDBE;
			remoteInfo = Concentration;
		};
/* End PBXContainerItemProxy section */

/* Begin PBXFileReference section */
		B134517D238AC8310071DDBE /* Concentration.app */ = {isa = PBXFileReference; explicitFileType = wrapper.application; includeInIndex = 0; path = Concentration.app; sourceTree = BUILT_PRODUCTS_DIR; };
		B1345180238AC8310071DDBE /* AppDelegate.swift */ = {isa = PBXFileReference; lastKnownFileType = sourcecode.swift; path = AppDelegate.swift; sourceTree = "<group>"; };
		B1345182238AC8310071DDBE /* SceneDelegate.swift */ = {isa = PBXFileReference; lastKnownFileType = sourcecode.swift; path = SceneDelegate.swift; sourceTree = "<group>"; };
		B1345184238AC8310071DDBE /* ViewController.swift */ = {isa = PBXFileReference; lastKnownFileType = sourcecode.swift; path = ViewController.swift; sourceTree = "<group>"; };
		B1345187238AC8310071DDBE /* Base */ = {isa = PBXFileReference; lastKnownFileType = file.storyboard; name = Base; path = Base.lproj/Main.storyboard; sourceTree = "<group>"; };
		B1345189238AC8330071DDBE /* Assets.xcassets */ = {isa = PBXFileReference; lastKnownFileType = folder.assetcatalog; path = Assets.xcassets; sourceTree = "<group>"; };
		B134518C238AC8330071DDBE /* Base */ = {isa = PBXFileReference; lastKnownFileType = file.storyboard; name = Base; path = Base.lproj/LaunchScreen.storyboard; sourceTree = "<group>"; };
		B134518E238AC8330071DDBE /* Info.plist */ = {isa = PBXFileReference; lastKnownFileType = text.plist.xml; path = Info.plist; sourceTree = "<group>"; };
		B1345193238AC8330071DDBE /* ConcentrationTests.xctest */ = {isa = PBXFileReference; explicitFileType = wrapper.cfbundle; includeInIndex = 0; path = ConcentrationTests.xctest; sourceTree = BUILT_PRODUCTS_DIR; };
		B1345197238AC8330071DDBE /* ConcentrationTests.swift */ = {isa = PBXFileReference; lastKnownFileType = sourcecode.swift; path = ConcentrationTests.swift; sourceTree = "<group>"; };
		B1345199238AC8330071DDBE /* Info.plist */ = {isa = PBXFileReference; lastKnownFileType = text.plist.xml; path = Info.plist; sourceTree = "<group>"; };
		B134519E238AC8330071DDBE /* ConcentrationUITests.xctest */ = {isa = PBXFileReference; explicitFileType = wrapper.cfbundle; includeInIndex = 0; path = ConcentrationUITests.xctest; sourceTree = BUILT_PRODUCTS_DIR; };
		B13451A2238AC8330071DDBE /* ConcentrationUITests.swift */ = {isa = PBXFileReference; lastKnownFileType = sourcecode.swift; path = ConcentrationUITests.swift; sourceTree = "<group>"; };
		B13451A4238AC8330071DDBE /* Info.plist */ = {isa = PBXFileReference; lastKnownFileType = text.plist.xml; path = Info.plist; sourceTree = "<group>"; };
		B1533689238C2B24000D9E59 /* Concentration.swift */ = {isa = PBXFileReference; lastKnownFileType = sourcecode.swift; path = Concentration.swift; sourceTree = "<group>"; };
		B153368B238C2BD3000D9E59 /* Card.swift */ = {isa = PBXFileReference; lastKnownFileType = sourcecode.swift; path = Card.swift; sourceTree = "<group>"; };
/* End PBXFileReference section */

/* Begin PBXFrameworksBuildPhase section */
		B134517A238AC8310071DDBE /* Frameworks */ = {
			isa = PBXFrameworksBuildPhase;
			buildActionMask = 2147483647;
			files = (
			);
			runOnlyForDeploymentPostprocessing = 0;
		};
		B1345190238AC8330071DDBE /* Frameworks */ = {
			isa = PBXFrameworksBuildPhase;
			buildActionMask = 2147483647;
			files = (
			);
			runOnlyForDeploymentPostprocessing = 0;
		};
		B134519B238AC8330071DDBE /* Frameworks */ = {
			isa = PBXFrameworksBuildPhase;
			buildActionMask = 2147483647;
			files = (
			);
			runOnlyForDeploymentPostprocessing = 0;
		};
/* End PBXFrameworksBuildPhase section */

/* Begin PBXGroup section */
		B1345174238AC8310071DDBE = {
			isa = PBXGroup;
			children = (
				B134517F238AC8310071DDBE /* Concentration */,
				B1345196238AC8330071DDBE /* ConcentrationTests */,
				B13451A1238AC8330071DDBE /* ConcentrationUITests */,
				B134517E238AC8310071DDBE /* Products */,
			);
			sourceTree = "<group>";
		};
		B134517E238AC8310071DDBE /* Products */ = {
			isa = PBXGroup;
			children = (
				B134517D238AC8310071DDBE /* Concentration.app */,
				B1345193238AC8330071DDBE /* ConcentrationTests.xctest */,
				B134519E238AC8330071DDBE /* ConcentrationUITests.xctest */,
			);
			name = Products;
			sourceTree = "<group>";
		};
		B134517F238AC8310071DDBE /* Concentration */ = {
			isa = PBXGroup;
			children = (
				B1345180238AC8310071DDBE /* AppDelegate.swift */,
				B1345182238AC8310071DDBE /* SceneDelegate.swift */,
				B1345184238AC8310071DDBE /* ViewController.swift */,
				B1345186238AC8310071DDBE /* Main.storyboard */,
				B1533689238C2B24000D9E59 /* Concentration.swift */,
				B153368B238C2BD3000D9E59 /* Card.swift */,
				B1345189238AC8330071DDBE /* Assets.xcassets */,
				B134518B238AC8330071DDBE /* LaunchScreen.storyboard */,
				B134518E238AC8330071DDBE /* Info.plist */,
			);
			path = Concentration;
			sourceTree = "<group>";
		};
		B1345196238AC8330071DDBE /* ConcentrationTests */ = {
			isa = PBXGroup;
			children = (
				B1345197238AC8330071DDBE /* ConcentrationTests.swift */,
				B1345199238AC8330071DDBE /* Info.plist */,
			);
			path = ConcentrationTests;
			sourceTree = "<group>";
		};
		B13451A1238AC8330071DDBE /* ConcentrationUITests */ = {
			isa = PBXGroup;
			children = (
				B13451A2238AC8330071DDBE /* ConcentrationUITests.swift */,
				B13451A4238AC8330071DDBE /* Info.plist */,
			);
			path = ConcentrationUITests;
			sourceTree = "<group>";
		};
/* End PBXGroup section */

/* Begin PBXNativeTarget section */
		B134517C238AC8310071DDBE /* Concentration */ = {
			isa = PBXNativeTarget;
			buildConfigurationList = B13451A7238AC8330071DDBE /* Build configuration list for PBXNativeTarget "Concentration" */;
			buildPhases = (
				B1345179238AC8310071DDBE /* Sources */,
				B134517A238AC8310071DDBE /* Frameworks */,
				B134517B238AC8310071DDBE /* Resources */,
			);
			buildRules = (
			);
			dependencies = (
			);
			name = Concentration;
			productName = Concentration;
			productReference = B134517D238AC8310071DDBE /* Concentration.app */;
			productType = "com.apple.product-type.application";
		};
		B1345192238AC8330071DDBE /* ConcentrationTests */ = {
			isa = PBXNativeTarget;
			buildConfigurationList = B13451AA238AC8330071DDBE /* Build configuration list for PBXNativeTarget "ConcentrationTests" */;
			buildPhases = (
				B134518F238AC8330071DDBE /* Sources */,
				B1345190238AC8330071DDBE /* Frameworks */,
				B1345191238AC8330071DDBE /* Resources */,
			);
			buildRules = (
			);
			dependencies = (
				B1345195238AC8330071DDBE /* PBXTargetDependency */,
			);
			name = ConcentrationTests;
			productName = ConcentrationTests;
			productReference = B1345193238AC8330071DDBE /* ConcentrationTests.xctest */;
			productType = "com.apple.product-type.bundle.unit-test";
		};
		B134519D238AC8330071DDBE /* ConcentrationUITests */ = {
			isa = PBXNativeTarget;
			buildConfigurationList = B13451AD238AC8330071DDBE /* Build configuration list for PBXNativeTarget "ConcentrationUITests" */;
			buildPhases = (
				B134519A238AC8330071DDBE /* Sources */,
				B134519B238AC8330071DDBE /* Frameworks */,
				B134519C238AC8330071DDBE /* Resources */,
			);
			buildRules = (
			);
			dependencies = (
				B13451A0238AC8330071DDBE /* PBXTargetDependency */,
			);
			name = ConcentrationUITests;
			productName = ConcentrationUITests;
			productReference = B134519E238AC8330071DDBE /* ConcentrationUITests.xctest */;
			productType = "com.apple.product-type.bundle.ui-testing";
		};
/* End PBXNativeTarget section */

/* Begin PBXProject section */
		B1345175238AC8310071DDBE /* Project object */ = {
			isa = PBXProject;
			attributes = {
				LastSwiftUpdateCheck = 1120;
				LastUpgradeCheck = 1120;
				ORGANIZATIONNAME = "Han Feng";
				TargetAttributes = {
					B134517C238AC8310071DDBE = {
						CreatedOnToolsVersion = 11.2.1;
					};
					B1345192238AC8330071DDBE = {
						CreatedOnToolsVersion = 11.2.1;
						TestTargetID = B134517C238AC8310071DDBE;
					};
					B134519D238AC8330071DDBE = {
						CreatedOnToolsVersion = 11.2.1;
						TestTargetID = B134517C238AC8310071DDBE;
					};
				};
			};
			buildConfigurationList = B1345178238AC8310071DDBE /* Build configuration list for PBXProject "Concentration" */;
			compatibilityVersion = "Xcode 9.3";
			developmentRegion = en;
			hasScannedForEncodings = 0;
			knownRegions = (
				en,
				Base,
			);
			mainGroup = B1345174238AC8310071DDBE;
			productRefGroup = B134517E238AC8310071DDBE /* Products */;
			projectDirPath = "";
			projectRoot = "";
			targets = (
				B134517C238AC8310071DDBE /* Concentration */,
				B1345192238AC8330071DDBE /* ConcentrationTests */,
				B134519D238AC8330071DDBE /* ConcentrationUITests */,
			);
		};
/* End PBXProject section */

/* Begin PBXResourcesBuildPhase section */
		B134517B238AC8310071DDBE /* Resources */ = {
			isa = PBXResourcesBuildPhase;
			buildActionMask = 2147483647;
			files = (
				B134518D238AC8330071DDBE /* LaunchScreen.storyboard in Resources */,
				B134518A238AC8330071DDBE /* Assets.xcassets in Resources */,
				B1345188238AC8310071DDBE /* Main.storyboard in Resources */,
			);
			runOnlyForDeploymentPostprocessing = 0;
		};
		B1345191238AC8330071DDBE /* Resources */ = {
			isa = PBXResourcesBuildPhase;
			buildActionMask = 2147483647;
			files = (
			);
			runOnlyForDeploymentPostprocessing = 0;
		};
		B134519C238AC8330071DDBE /* Resources */ = {
			isa = PBXResourcesBuildPhase;
			buildActionMask = 2147483647;
			files = (
			);
			runOnlyForDeploymentPostprocessing = 0;
		};
/* End PBXResourcesBuildPhase section */

/* Begin PBXSourcesBuildPhase section */
		B1345179238AC8310071DDBE /* Sources */ = {
			isa = PBXSourcesBuildPhase;
			buildActionMask = 2147483647;
			files = (
				B1345185238AC8310071DDBE /* ViewController.swift in Sources */,
				B153368A238C2B24000D9E59 /* Concentration.swift in Sources */,
				B153368C238C2BD3000D9E59 /* Card.swift in Sources */,
				B1345181238AC8310071DDBE /* AppDelegate.swift in Sources */,
				B1345183238AC8310071DDBE /* SceneDelegate.swift in Sources */,
			);
			runOnlyForDeploymentPostprocessing = 0;
		};
		B134518F238AC8330071DDBE /* Sources */ = {
			isa = PBXSourcesBuildPhase;
			buildActionMask = 2147483647;
			files = (
				B1345198238AC8330071DDBE /* ConcentrationTests.swift in Sources */,
			);
			runOnlyForDeploymentPostprocessing = 0;
		};
		B134519A238AC8330071DDBE /* Sources */ = {
			isa = PBXSourcesBuildPhase;
			buildActionMask = 2147483647;
			files = (
				B13451A3238AC8330071DDBE /* ConcentrationUITests.swift in Sources */,
			);
			runOnlyForDeploymentPostprocessing = 0;
		};
/* End PBXSourcesBuildPhase section */

/* Begin PBXTargetDependency section */
		B1345195238AC8330071DDBE /* PBXTargetDependency */ = {
			isa = PBXTargetDependency;
			target = B134517C238AC8310071DDBE /* Concentration */;
			targetProxy = B1345194238AC8330071DDBE /* PBXContainerItemProxy */;
		};
		B13451A0238AC8330071DDBE /* PBXTargetDependency */ = {
			isa = PBXTargetDependency;
			target = B134517C238AC8310071DDBE /* Concentration */;
			targetProxy = B134519F238AC8330071DDBE /* PBXContainerItemProxy */;
		};
/* End PBXTargetDependency section */

/* Begin PBXVariantGroup section */
		B1345186238AC8310071DDBE /* Main.storyboard */ = {
			isa = PBXVariantGroup;
			children = (
				B1345187238AC8310071DDBE /* Base */,
			);
			name = Main.storyboard;
			sourceTree = "<group>";
		};
		B134518B238AC8330071DDBE /* LaunchScreen.storyboard */ = {
			isa = PBXVariantGroup;
			children = (
				B134518C238AC8330071DDBE /* Base */,
			);
			name = LaunchScreen.storyboard;
			sourceTree = "<group>";
		};
/* End PBXVariantGroup section */

/* Begin XCBuildConfiguration section */
		B13451A5238AC8330071DDBE /* Debug */ = {
			isa = XCBuildConfiguration;
			buildSettings = {
				ALWAYS_SEARCH_USER_PATHS = NO;
				CLANG_ANALYZER_NONNULL = YES;
				CLANG_ANALYZER_NUMBER_OBJECT_CONVERSION = YES_AGGRESSIVE;
				CLANG_CXX_LANGUAGE_STANDARD = "gnu++14";
				CLANG_CXX_LIBRARY = "libc++";
				CLANG_ENABLE_MODULES = YES;
				CLANG_ENABLE_OBJC_ARC = YES;
				CLANG_ENABLE_OBJC_WEAK = YES;
				CLANG_WARN_BLOCK_CAPTURE_AUTORELEASING = YES;
				CLANG_WARN_BOOL_CONVERSION = YES;
				CLANG_WARN_COMMA = YES;
				CLANG_WARN_CONSTANT_CONVERSION = YES;
				CLANG_WARN_DEPRECATED_OBJC_IMPLEMENTATIONS = YES;
				CLANG_WARN_DIRECT_OBJC_ISA_USAGE = YES_ERROR;
				CLANG_WARN_DOCUMENTATION_COMMENTS = YES;
				CLANG_WARN_EMPTY_BODY = YES;
				CLANG_WARN_ENUM_CONVERSION = YES;
				CLANG_WARN_INFINITE_RECURSION = YES;
				CLANG_WARN_INT_CONVERSION = YES;
				CLANG_WARN_NON_LITERAL_NULL_CONVERSION = YES;
				CLANG_WARN_OBJC_IMPLICIT_RETAIN_SELF = YES;
				CLANG_WARN_OBJC_LITERAL_CONVERSION = YES;
				CLANG_WARN_OBJC_ROOT_CLASS = YES_ERROR;
				CLANG_WARN_RANGE_LOOP_ANALYSIS = YES;
				CLANG_WARN_STRICT_PROTOTYPES = YES;
				CLANG_WARN_SUSPICIOUS_MOVE = YES;
				CLANG_WARN_UNGUARDED_AVAILABILITY = YES_AGGRESSIVE;
				CLANG_WARN_UNREACHABLE_CODE = YES;
				CLANG_WARN__DUPLICATE_METHOD_MATCH = YES;
				COPY_PHASE_STRIP = NO;
				DEBUG_INFORMATION_FORMAT = dwarf;
				ENABLE_STRICT_OBJC_MSGSEND = YES;
				ENABLE_TESTABILITY = YES;
				GCC_C_LANGUAGE_STANDARD = gnu11;
				GCC_DYNAMIC_NO_PIC = NO;
				GCC_NO_COMMON_BLOCKS = YES;
				GCC_OPTIMIZATION_LEVEL = 0;
				GCC_PREPROCESSOR_DEFINITIONS = (
					"DEBUG=1",
					"$(inherited)",
				);
				GCC_WARN_64_TO_32_BIT_CONVERSION = YES;
				GCC_WARN_ABOUT_RETURN_TYPE = YES_ERROR;
				GCC_WARN_UNDECLARED_SELECTOR = YES;
				GCC_WARN_UNINITIALIZED_AUTOS = YES_AGGRESSIVE;
				GCC_WARN_UNUSED_FUNCTION = YES;
				GCC_WARN_UNUSED_VARIABLE = YES;
				IPHONEOS_DEPLOYMENT_TARGET = 13.2;
				MTL_ENABLE_DEBUG_INFO = INCLUDE_SOURCE;
				MTL_FAST_MATH = YES;
				ONLY_ACTIVE_ARCH = YES;
				SDKROOT = iphoneos;
				SWIFT_ACTIVE_COMPILATION_CONDITIONS = DEBUG;
				SWIFT_OPTIMIZATION_LEVEL = "-Onone";
			};
			name = Debug;
		};
		B13451A6238AC8330071DDBE /* Release */ = {
			isa = XCBuildConfiguration;
			buildSettings = {
				ALWAYS_SEARCH_USER_PATHS = NO;
				CLANG_ANALYZER_NONNULL = YES;
				CLANG_ANALYZER_NUMBER_OBJECT_CONVERSION = YES_AGGRESSIVE;
				CLANG_CXX_LANGUAGE_STANDARD = "gnu++14";
				CLANG_CXX_LIBRARY = "libc++";
				CLANG_ENABLE_MODULES = YES;
				CLANG_ENABLE_OBJC_ARC = YES;
				CLANG_ENABLE_OBJC_WEAK = YES;
				CLANG_WARN_BLOCK_CAPTURE_AUTORELEASING = YES;
				CLANG_WARN_BOOL_CONVERSION = YES;
				CLANG_WARN_COMMA = YES;
				CLANG_WARN_CONSTANT_CONVERSION = YES;
				CLANG_WARN_DEPRECATED_OBJC_IMPLEMENTATIONS = YES;
				CLANG_WARN_DIRECT_OBJC_ISA_USAGE = YES_ERROR;
				CLANG_WARN_DOCUMENTATION_COMMENTS = YES;
				CLANG_WARN_EMPTY_BODY = YES;
				CLANG_WARN_ENUM_CONVERSION = YES;
				CLANG_WARN_INFINITE_RECURSION = YES;
				CLANG_WARN_INT_CONVERSION = YES;
				CLANG_WARN_NON_LITERAL_NULL_CONVERSION = YES;
				CLANG_WARN_OBJC_IMPLICIT_RETAIN_SELF = YES;
				CLANG_WARN_OBJC_LITERAL_CONVERSION = YES;
				CLANG_WARN_OBJC_ROOT_CLASS = YES_ERROR;
				CLANG_WARN_RANGE_LOOP_ANALYSIS = YES;
				CLANG_WARN_STRICT_PROTOTYPES = YES;
				CLANG_WARN_SUSPICIOUS_MOVE = YES;
				CLANG_WARN_UNGUARDED_AVAILABILITY = YES_AGGRESSIVE;
				CLANG_WARN_UNREACHABLE_CODE = YES;
				CLANG_WARN__DUPLICATE_METHOD_MATCH = YES;
				COPY_PHASE_STRIP = NO;
				DEBUG_INFORMATION_FORMAT = "dwarf-with-dsym";
				ENABLE_NS_ASSERTIONS = NO;
				ENABLE_STRICT_OBJC_MSGSEND = YES;
				GCC_C_LANGUAGE_STANDARD = gnu11;
				GCC_NO_COMMON_BLOCKS = YES;
				GCC_WARN_64_TO_32_BIT_CONVERSION = YES;
				GCC_WARN_ABOUT_RETURN_TYPE = YES_ERROR;
				GCC_WARN_UNDECLARED_SELECTOR = YES;
				GCC_WARN_UNINITIALIZED_AUTOS = YES_AGGRESSIVE;
				GCC_WARN_UNUSED_FUNCTION = YES;
				GCC_WARN_UNUSED_VARIABLE = YES;
				IPHONEOS_DEPLOYMENT_TARGET = 13.2;
				MTL_ENABLE_DEBUG_INFO = NO;
				MTL_FAST_MATH = YES;
				SDKROOT = iphoneos;
				SWIFT_COMPILATION_MODE = wholemodule;
				SWIFT_OPTIMIZATION_LEVEL = "-O";
				VALIDATE_PRODUCT = YES;
			};
			name = Release;
		};
		B13451A8238AC8330071DDBE /* Debug */ = {
			isa = XCBuildConfiguration;
			buildSettings = {
				ASSETCATALOG_COMPILER_APPICON_NAME = AppIcon;
				CODE_SIGN_STYLE = Automatic;
				INFOPLIST_FILE = Concentration/Info.plist;
				LD_RUNPATH_SEARCH_PATHS = (
					"$(inherited)",
					"@executable_path/Frameworks",
				);
				PRODUCT_BUNDLE_IDENTIFIER = com.hf.Concentration;
				PRODUCT_NAME = "$(TARGET_NAME)";
				SWIFT_VERSION = 5.0;
				TARGETED_DEVICE_FAMILY = "1,2";
			};
			name = Debug;
		};
		B13451A9238AC8330071DDBE /* Release */ = {
			isa = XCBuildConfiguration;
			buildSettings = {
				ASSETCATALOG_COMPILER_APPICON_NAME = AppIcon;
				CODE_SIGN_STYLE = Automatic;
				INFOPLIST_FILE = Concentration/Info.plist;
				LD_RUNPATH_SEARCH_PATHS = (
					"$(inherited)",
					"@executable_path/Frameworks",
				);
				PRODUCT_BUNDLE_IDENTIFIER = com.hf.Concentration;
				PRODUCT_NAME = "$(TARGET_NAME)";
				SWIFT_VERSION = 5.0;
				TARGETED_DEVICE_FAMILY = "1,2";
			};
			name = Release;
		};
		B13451AB238AC8330071DDBE /* Debug */ = {
			isa = XCBuildConfiguration;
			buildSettings = {
				ALWAYS_EMBED_SWIFT_STANDARD_LIBRARIES = YES;
				BUNDLE_LOADER = "$(TEST_HOST)";
				CODE_SIGN_STYLE = Automatic;
				INFOPLIST_FILE = ConcentrationTests/Info.plist;
				IPHONEOS_DEPLOYMENT_TARGET = 13.2;
				LD_RUNPATH_SEARCH_PATHS = (
					"$(inherited)",
					"@executable_path/Frameworks",
					"@loader_path/Frameworks",
				);
				PRODUCT_BUNDLE_IDENTIFIER = com.hf.ConcentrationTests;
				PRODUCT_NAME = "$(TARGET_NAME)";
				SWIFT_VERSION = 5.0;
				TARGETED_DEVICE_FAMILY = "1,2";
				TEST_HOST = "$(BUILT_PRODUCTS_DIR)/Concentration.app/Concentration";
			};
			name = Debug;
		};
		B13451AC238AC8330071DDBE /* Release */ = {
			isa = XCBuildConfiguration;
			buildSettings = {
				ALWAYS_EMBED_SWIFT_STANDARD_LIBRARIES = YES;
				BUNDLE_LOADER = "$(TEST_HOST)";
				CODE_SIGN_STYLE = Automatic;
				INFOPLIST_FILE = ConcentrationTests/Info.plist;
				IPHONEOS_DEPLOYMENT_TARGET = 13.2;
				LD_RUNPATH_SEARCH_PATHS = (
					"$(inherited)",
					"@executable_path/Frameworks",
					"@loader_path/Frameworks",
				);
				PRODUCT_BUNDLE_IDENTIFIER = com.hf.ConcentrationTests;
				PRODUCT_NAME = "$(TARGET_NAME)";
				SWIFT_VERSION = 5.0;
				TARGETED_DEVICE_FAMILY = "1,2";
				TEST_HOST = "$(BUILT_PRODUCTS_DIR)/Concentration.app/Concentration";
			};
			name = Release;
		};
		B13451AE238AC8330071DDBE /* Debug */ = {
			isa = XCBuildConfiguration;
			buildSettings = {
				ALWAYS_EMBED_SWIFT_STANDARD_LIBRARIES = YES;
				CODE_SIGN_STYLE = Automatic;
				INFOPLIST_FILE = ConcentrationUITests/Info.plist;
				LD_RUNPATH_SEARCH_PATHS = (
					"$(inherited)",
					"@executable_path/Frameworks",
					"@loader_path/Frameworks",
				);
				PRODUCT_BUNDLE_IDENTIFIER = com.hf.ConcentrationUITests;
				PRODUCT_NAME = "$(TARGET_NAME)";
				SWIFT_VERSION = 5.0;
				TARGETED_DEVICE_FAMILY = "1,2";
				TEST_TARGET_NAME = Concentration;
			};
			name = Debug;
		};
		B13451AF238AC8330071DDBE /* Release */ = {
			isa = XCBuildConfiguration;
			buildSettings = {
				ALWAYS_EMBED_SWIFT_STANDARD_LIBRARIES = YES;
				CODE_SIGN_STYLE = Automatic;
				INFOPLIST_FILE = ConcentrationUITests/Info.plist;
				LD_RUNPATH_SEARCH_PATHS = (
					"$(inherited)",
					"@executable_path/Frameworks",
					"@loader_path/Frameworks",
				);
				PRODUCT_BUNDLE_IDENTIFIER = com.hf.ConcentrationUITests;
				PRODUCT_NAME = "$(TARGET_NAME)";
				SWIFT_VERSION = 5.0;
				TARGETED_DEVICE_FAMILY = "1,2";
				TEST_TARGET_NAME = Concentration;
			};
			name = Release;
		};
/* End XCBuildConfiguration section */

/* Begin XCConfigurationList section */
		B1345178238AC8310071DDBE /* Build configuration list for PBXProject "Concentration" */ = {
			isa = XCConfigurationList;
			buildConfigurations = (
				B13451A5238AC8330071DDBE /* Debug */,
				B13451A6238AC8330071DDBE /* Release */,
			);
			defaultConfigurationIsVisible = 0;
			defaultConfigurationName = Release;
		};
		B13451A7238AC8330071DDBE /* Build configuration list for PBXNativeTarget "Concentration" */ = {
			isa = XCConfigurationList;
			buildConfigurations = (
				B13451A8238AC8330071DDBE /* Debug */,
				B13451A9238AC8330071DDBE /* Release */,
			);
			defaultConfigurationIsVisible = 0;
			defaultConfigurationName = Release;
		};
		B13451AA238AC8330071DDBE /* Build configuration list for PBXNativeTarget "ConcentrationTests" */ = {
			isa = XCConfigurationList;
			buildConfigurations = (
				B13451AB238AC8330071DDBE /* Debug */,
				B13451AC238AC8330071DDBE /* Release */,
			);
			defaultConfigurationIsVisible = 0;
			defaultConfigurationName = Release;
		};
		B13451AD238AC8330071DDBE /* Build configuration list for PBXNativeTarget "ConcentrationUITests" */ = {
			isa = XCConfigurationList;
			buildConfigurations = (
				B13451AE238AC8330071DDBE /* Debug */,
				B13451AF238AC8330071DDBE /* Release */,
			);
			defaultConfigurationIsVisible = 0;
			defaultConfigurationName = Release;
		};
/* End XCConfigurationList section */
	};
	rootObject = B1345175238AC8310071DDBE /* Project object */;
}
